// !$*UTF8*$!
{
	archiveVersion = 1;
	classes = {
	};
	objectVersion = 55;
	objects = {

/* Begin PBXBuildFile section */
		DB18516B27A5B79F00472A3E /* CreditCard.swift in Sources */ = {isa = PBXBuildFile; fileRef = DB18516A27A5B79F00472A3E /* CreditCard.swift */; };
		DB18516D27A5B7E700472A3E /* CreditCardCollection.swift in Sources */ = {isa = PBXBuildFile; fileRef = DB18516C27A5B7E700472A3E /* CreditCardCollection.swift */; };
		DB18516F27A5BABF00472A3E /* CreditCardIterator.swift in Sources */ = {isa = PBXBuildFile; fileRef = DB18516E27A5BABF00472A3E /* CreditCardIterator.swift */; };
		DB18517127A5BD3C00472A3E /* IteratorExampleCreditCardCollectionsView.swift in Sources */ = {isa = PBXBuildFile; fileRef = DB18517027A5BD3C00472A3E /* IteratorExampleCreditCardCollectionsView.swift */; };
		DB322896279F4C5E00A97966 /* PrototypeCard.swift in Sources */ = {isa = PBXBuildFile; fileRef = DB322895279F4C5E00A97966 /* PrototypeCard.swift */; };
		DB322898279F4D4300A97966 /* VisaCard.swift in Sources */ = {isa = PBXBuildFile; fileRef = DB322897279F4D4300A97966 /* VisaCard.swift */; };
		DB32289A279F4E6800A97966 /* PrototypeCardExampleView.swift in Sources */ = {isa = PBXBuildFile; fileRef = DB322899279F4E6800A97966 /* PrototypeCardExampleView.swift */; };
		DB52F817278F58BD0036C620 /* DesignPatternSwiftUIApp.swift in Sources */ = {isa = PBXBuildFile; fileRef = DB52F816278F58BD0036C620 /* DesignPatternSwiftUIApp.swift */; };
		DB52F81B278F58BE0036C620 /* Assets.xcassets in Resources */ = {isa = PBXBuildFile; fileRef = DB52F81A278F58BE0036C620 /* Assets.xcassets */; };
		DB52F81E278F58BE0036C620 /* Preview Assets.xcassets in Resources */ = {isa = PBXBuildFile; fileRef = DB52F81D278F58BE0036C620 /* Preview Assets.xcassets */; };
		DB52F827278F5A100036C620 /* Payment.swift in Sources */ = {isa = PBXBuildFile; fileRef = DB52F826278F5A100036C620 /* Payment.swift */; };
		DB52F829278F5A770036C620 /* GooglePayment.swift in Sources */ = {isa = PBXBuildFile; fileRef = DB52F828278F5A770036C620 /* GooglePayment.swift */; };
		DB52F82B278F5AC80036C620 /* CardPayment.swift in Sources */ = {isa = PBXBuildFile; fileRef = DB52F82A278F5AC80036C620 /* CardPayment.swift */; };
		DB52F82D278F5B390036C620 /* PaymentTypes.swift in Sources */ = {isa = PBXBuildFile; fileRef = DB52F82C278F5B390036C620 /* PaymentTypes.swift */; };
		DB52F82F278F5B830036C620 /* PaymentFactory.swift in Sources */ = {isa = PBXBuildFile; fileRef = DB52F82E278F5B830036C620 /* PaymentFactory.swift */; };
		DB52F834278F5F620036C620 /* PaymentExampleFactoryMethodView.swift in Sources */ = {isa = PBXBuildFile; fileRef = DB52F833278F5F620036C620 /* PaymentExampleFactoryMethodView.swift */; };
		DB52F838278F638E0036C620 /* EarnProtocol.swift in Sources */ = {isa = PBXBuildFile; fileRef = DB52F837278F638E0036C620 /* EarnProtocol.swift */; };
		DB52F83A278F64A30036C620 /* LocalEarn.swift in Sources */ = {isa = PBXBuildFile; fileRef = DB52F839278F64A30036C620 /* LocalEarn.swift */; };
		DB52F83C278F66920036C620 /* EarnFactoryProtocol.swift in Sources */ = {isa = PBXBuildFile; fileRef = DB52F83B278F66920036C620 /* EarnFactoryProtocol.swift */; };
		DB52F83E278F67080036C620 /* LocalEarnFactory.swift in Sources */ = {isa = PBXBuildFile; fileRef = DB52F83D278F67080036C620 /* LocalEarnFactory.swift */; };
		DB52F840278F68710036C620 /* EarnExampleFactoryMethodView.swift in Sources */ = {isa = PBXBuildFile; fileRef = DB52F83F278F68710036C620 /* EarnExampleFactoryMethodView.swift */; };
		DB52F842278F74200036C620 /* ForeignEarn.swift in Sources */ = {isa = PBXBuildFile; fileRef = DB52F841278F74200036C620 /* ForeignEarn.swift */; };
		DB52F844278F753F0036C620 /* ForeignEarnFactory.swift in Sources */ = {isa = PBXBuildFile; fileRef = DB52F843278F753F0036C620 /* ForeignEarnFactory.swift */; };
		DB59B7762799EEC9004DC75C /* Card.swift in Sources */ = {isa = PBXBuildFile; fileRef = DB59B7752799EEC9004DC75C /* Card.swift */; };
		DB59B7782799F09F004DC75C /* BuilderExampleView.swift in Sources */ = {isa = PBXBuildFile; fileRef = DB59B7772799F09F004DC75C /* BuilderExampleView.swift */; };
		DB5F52E827A69BBD003BD940 /* Mediator.swift in Sources */ = {isa = PBXBuildFile; fileRef = DB5F52E727A69BBD003BD940 /* Mediator.swift */; };
		DB5F52EA27A69BF2003BD940 /* Colleague.swift in Sources */ = {isa = PBXBuildFile; fileRef = DB5F52E927A69BF2003BD940 /* Colleague.swift */; };
		DB5F52EC27A69C4C003BD940 /* ConcreteColleague1.swift in Sources */ = {isa = PBXBuildFile; fileRef = DB5F52EB27A69C4C003BD940 /* ConcreteColleague1.swift */; };
		DB5F52EE27A69CCA003BD940 /* ConcreteColleague2.swift in Sources */ = {isa = PBXBuildFile; fileRef = DB5F52ED27A69CCA003BD940 /* ConcreteColleague2.swift */; };
		DB5F52F027A69CFE003BD940 /* ConcreteMediator.swift in Sources */ = {isa = PBXBuildFile; fileRef = DB5F52EF27A69CFE003BD940 /* ConcreteMediator.swift */; };
		DB5F52F227A69DDE003BD940 /* ChatExampleMediatorExampleView.swift in Sources */ = {isa = PBXBuildFile; fileRef = DB5F52F127A69DDE003BD940 /* ChatExampleMediatorExampleView.swift */; };
		DB5F52F627A73942003BD940 /* ArticleMemento.swift in Sources */ = {isa = PBXBuildFile; fileRef = DB5F52F527A73942003BD940 /* ArticleMemento.swift */; };
		DB5F52F827A7397D003BD940 /* ArticleOriginator.swift in Sources */ = {isa = PBXBuildFile; fileRef = DB5F52F727A7397D003BD940 /* ArticleOriginator.swift */; };
		DB5F52FA27A73A37003BD940 /* Carataker.swift in Sources */ = {isa = PBXBuildFile; fileRef = DB5F52F927A73A37003BD940 /* Carataker.swift */; };
		DB5F52FE27A73AB3003BD940 /* ExampleArticleMementoView.swift in Sources */ = {isa = PBXBuildFile; fileRef = DB5F52FD27A73AB3003BD940 /* ExampleArticleMementoView.swift */; };
		DB701FB827960FB9001203A1 /* Exercise.swift in Sources */ = {isa = PBXBuildFile; fileRef = DB701FB727960FB9001203A1 /* Exercise.swift */; };
		DB701FBA2796114D001203A1 /* ExerciseSummary.swift in Sources */ = {isa = PBXBuildFile; fileRef = DB701FB92796114D001203A1 /* ExerciseSummary.swift */; };
		DB701FBC27961300001203A1 /* StrengthExerciseSummary.swift in Sources */ = {isa = PBXBuildFile; fileRef = DB701FBB27961300001203A1 /* StrengthExerciseSummary.swift */; };
		DB701FBE27961462001203A1 /* CardioExerciseSummary.swift in Sources */ = {isa = PBXBuildFile; fileRef = DB701FBD27961462001203A1 /* CardioExerciseSummary.swift */; };
		DB701FC0279614F4001203A1 /* ExerciseSummaryTypes.swift in Sources */ = {isa = PBXBuildFile; fileRef = DB701FBF279614F4001203A1 /* ExerciseSummaryTypes.swift */; };
		DB701FC22796154C001203A1 /* ExerciseSummaryFactory.swift in Sources */ = {isa = PBXBuildFile; fileRef = DB701FC12796154C001203A1 /* ExerciseSummaryFactory.swift */; };
		DB701FC4279616C2001203A1 /* ExercisesExampleFactoryMethodView.swift in Sources */ = {isa = PBXBuildFile; fileRef = DB701FC3279616C2001203A1 /* ExercisesExampleFactoryMethodView.swift */; };
		DB7AAF9827988F98008ECDAD /* ExerciseSummaryFactoryProtocol.swift in Sources */ = {isa = PBXBuildFile; fileRef = DB7AAF9727988F98008ECDAD /* ExerciseSummaryFactoryProtocol.swift */; };
		DB7AAF9A27989030008ECDAD /* StrengthExerciseSummaryFactory.swift in Sources */ = {isa = PBXBuildFile; fileRef = DB7AAF9927989030008ECDAD /* StrengthExerciseSummaryFactory.swift */; };
		DB7AAF9C2798912B008ECDAD /* CardioExerciseSummaryFactory.swift in Sources */ = {isa = PBXBuildFile; fileRef = DB7AAF9B2798912B008ECDAD /* CardioExerciseSummaryFactory.swift */; };
		DB7AAF9E27989190008ECDAD /* PureExercisesExampleFactoryMethodView.swift in Sources */ = {isa = PBXBuildFile; fileRef = DB7AAF9D27989190008ECDAD /* PureExercisesExampleFactoryMethodView.swift */; };
		DB7AAFA5279897BD008ECDAD /* PaymentAF.swift in Sources */ = {isa = PBXBuildFile; fileRef = DB7AAFA4279897BD008ECDAD /* PaymentAF.swift */; };
		DB7AAFA72798987A008ECDAD /* CardPaymentAF.swift in Sources */ = {isa = PBXBuildFile; fileRef = DB7AAFA62798987A008ECDAD /* CardPaymentAF.swift */; };
		DB7AAFA927989908008ECDAD /* GooglePaymentAF.swift in Sources */ = {isa = PBXBuildFile; fileRef = DB7AAFA827989908008ECDAD /* GooglePaymentAF.swift */; };
		DB7AAFAD27989A52008ECDAD /* MethodAF.swift in Sources */ = {isa = PBXBuildFile; fileRef = DB7AAFAC27989A52008ECDAD /* MethodAF.swift */; };
		DB7AAFAF27989ACF008ECDAD /* MontlyMethodAF.swift in Sources */ = {isa = PBXBuildFile; fileRef = DB7AAFAE27989ACF008ECDAD /* MontlyMethodAF.swift */; };
		DB7AAFB127989B70008ECDAD /* PaymentInAdvanceMethodAF.swift in Sources */ = {isa = PBXBuildFile; fileRef = DB7AAFB027989B70008ECDAD /* PaymentInAdvanceMethodAF.swift */; };
		DB7AAFB327989DAE008ECDAD /* AbstractFactory.swift in Sources */ = {isa = PBXBuildFile; fileRef = DB7AAFB227989DAE008ECDAD /* AbstractFactory.swift */; };
		DB7AAFB527989E23008ECDAD /* PaymentInAdvanceCardFactory.swift in Sources */ = {isa = PBXBuildFile; fileRef = DB7AAFB427989E23008ECDAD /* PaymentInAdvanceCardFactory.swift */; };
		DB7AAFB727989F28008ECDAD /* MontlyGoogleFactory.swift in Sources */ = {isa = PBXBuildFile; fileRef = DB7AAFB627989F28008ECDAD /* MontlyGoogleFactory.swift */; };
		DB7AAFB927989FB0008ECDAD /* PaymentAFMethodClient.swift in Sources */ = {isa = PBXBuildFile; fileRef = DB7AAFB827989FB0008ECDAD /* PaymentAFMethodClient.swift */; };
		DB7AAFBB2798AAC2008ECDAD /* AbstractFactoryPaymentMethodExampleView.swift in Sources */ = {isa = PBXBuildFile; fileRef = DB7AAFBA2798AAC2008ECDAD /* AbstractFactoryPaymentMethodExampleView.swift */; };
		DBBFA28227A2F090005ED844 /* CardSingleton.swift in Sources */ = {isa = PBXBuildFile; fileRef = DBBFA28127A2F090005ED844 /* CardSingleton.swift */; };
		DBBFA28427A2F113005ED844 /* CardSingletonExampleView.swift in Sources */ = {isa = PBXBuildFile; fileRef = DBBFA28327A2F113005ED844 /* CardSingletonExampleView.swift */; };
		DBBFA28A27A2F48A005ED844 /* ApprovedLoanHandler.swift in Sources */ = {isa = PBXBuildFile; fileRef = DBBFA28927A2F48A005ED844 /* ApprovedLoanHandler.swift */; };
		DBBFA28C27A2F4F3005ED844 /* GoldHandler.swift in Sources */ = {isa = PBXBuildFile; fileRef = DBBFA28B27A2F4F3005ED844 /* GoldHandler.swift */; };
		DBBFA28E27A2F5EA005ED844 /* PlatiniumHandler.swift in Sources */ = {isa = PBXBuildFile; fileRef = DBBFA28D27A2F5EA005ED844 /* PlatiniumHandler.swift */; };
		DBBFA29027A2F63A005ED844 /* BlackHandler.swift in Sources */ = {isa = PBXBuildFile; fileRef = DBBFA28F27A2F63A005ED844 /* BlackHandler.swift */; };
		DBBFA29227A2F687005ED844 /* BankHandler.swift in Sources */ = {isa = PBXBuildFile; fileRef = DBBFA29127A2F687005ED844 /* BankHandler.swift */; };
		DBBFA29427A2F832005ED844 /* ExampleBankChaingOfResponsabilityView.swift in Sources */ = {isa = PBXBuildFile; fileRef = DBBFA29327A2F832005ED844 /* ExampleBankChaingOfResponsabilityView.swift */; };
		DBE27B5327B1A51F000DA6B5 /* TrafficLight.swift in Sources */ = {isa = PBXBuildFile; fileRef = DBE27B5227B1A51F000DA6B5 /* TrafficLight.swift */; };
		DBE27B5527B1A55E000DA6B5 /* Observer.swift in Sources */ = {isa = PBXBuildFile; fileRef = DBE27B5427B1A55E000DA6B5 /* Observer.swift */; };
		DBE27B5727B1A586000DA6B5 /* Subject.swift in Sources */ = {isa = PBXBuildFile; fileRef = DBE27B5627B1A586000DA6B5 /* Subject.swift */; };
		DBE27B5927B1A65B000DA6B5 /* MessagePublisher.swift in Sources */ = {isa = PBXBuildFile; fileRef = DBE27B5827B1A65B000DA6B5 /* MessagePublisher.swift */; };
		DBE27B5C27B1A79D000DA6B5 /* Car.swift in Sources */ = {isa = PBXBuildFile; fileRef = DBE27B5B27B1A79D000DA6B5 /* Car.swift */; };
		DBE27B5E27B1A81E000DA6B5 /* Pedestrian.swift in Sources */ = {isa = PBXBuildFile; fileRef = DBE27B5D27B1A81E000DA6B5 /* Pedestrian.swift */; };
		DBE27B6027B1A89E000DA6B5 /* ObserverPatternExampleSemaphore.swift in Sources */ = {isa = PBXBuildFile; fileRef = DBE27B5F27B1A89E000DA6B5 /* ObserverPatternExampleSemaphore.swift */; };
		DBFA0BD127A45D6800FD69A6 /* Command.swift in Sources */ = {isa = PBXBuildFile; fileRef = DBFA0BD027A45D6800FD69A6 /* Command.swift */; };
		DBFA0BD327A45D9200FD69A6 /* CredictCardReceiver.swift in Sources */ = {isa = PBXBuildFile; fileRef = DBFA0BD227A45D9200FD69A6 /* CredictCardReceiver.swift */; };
		DBFA0BD527A45E6B00FD69A6 /* CredictCardActivateCommand.swift in Sources */ = {isa = PBXBuildFile; fileRef = DBFA0BD427A45E6B00FD69A6 /* CredictCardActivateCommand.swift */; };
		DBFA0BD727A45F0600FD69A6 /* CreditCardDeactivateCommand.swift in Sources */ = {isa = PBXBuildFile; fileRef = DBFA0BD627A45F0600FD69A6 /* CreditCardDeactivateCommand.swift */; };
		DBFA0BD927A45F6100FD69A6 /* CreditCardInvoker.swift in Sources */ = {isa = PBXBuildFile; fileRef = DBFA0BD827A45F6100FD69A6 /* CreditCardInvoker.swift */; };
		DBFA0BDB27A45FD600FD69A6 /* ExampleBankCommandExampleView.swift in Sources */ = {isa = PBXBuildFile; fileRef = DBFA0BDA27A45FD600FD69A6 /* ExampleBankCommandExampleView.swift */; };
/* End PBXBuildFile section */

/* Begin PBXFileReference section */
		DB18516A27A5B79F00472A3E /* CreditCard.swift */ = {isa = PBXFileReference; lastKnownFileType = sourcecode.swift; path = CreditCard.swift; sourceTree = "<group>"; };
		DB18516C27A5B7E700472A3E /* CreditCardCollection.swift */ = {isa = PBXFileReference; lastKnownFileType = sourcecode.swift; path = CreditCardCollection.swift; sourceTree = "<group>"; };
		DB18516E27A5BABF00472A3E /* CreditCardIterator.swift */ = {isa = PBXFileReference; lastKnownFileType = sourcecode.swift; path = CreditCardIterator.swift; sourceTree = "<group>"; };
		DB18517027A5BD3C00472A3E /* IteratorExampleCreditCardCollectionsView.swift */ = {isa = PBXFileReference; lastKnownFileType = sourcecode.swift; path = IteratorExampleCreditCardCollectionsView.swift; sourceTree = "<group>"; };
		DB322895279F4C5E00A97966 /* PrototypeCard.swift */ = {isa = PBXFileReference; lastKnownFileType = sourcecode.swift; path = PrototypeCard.swift; sourceTree = "<group>"; };
		DB322897279F4D4300A97966 /* VisaCard.swift */ = {isa = PBXFileReference; lastKnownFileType = sourcecode.swift; path = VisaCard.swift; sourceTree = "<group>"; };
		DB322899279F4E6800A97966 /* PrototypeCardExampleView.swift */ = {isa = PBXFileReference; lastKnownFileType = sourcecode.swift; path = PrototypeCardExampleView.swift; sourceTree = "<group>"; };
		DB52F813278F58BD0036C620 /* DesignPatternSwiftUI.app */ = {isa = PBXFileReference; explicitFileType = wrapper.application; includeInIndex = 0; path = DesignPatternSwiftUI.app; sourceTree = BUILT_PRODUCTS_DIR; };
		DB52F816278F58BD0036C620 /* DesignPatternSwiftUIApp.swift */ = {isa = PBXFileReference; lastKnownFileType = sourcecode.swift; path = DesignPatternSwiftUIApp.swift; sourceTree = "<group>"; };
		DB52F81A278F58BE0036C620 /* Assets.xcassets */ = {isa = PBXFileReference; lastKnownFileType = folder.assetcatalog; path = Assets.xcassets; sourceTree = "<group>"; };
		DB52F81D278F58BE0036C620 /* Preview Assets.xcassets */ = {isa = PBXFileReference; lastKnownFileType = folder.assetcatalog; path = "Preview Assets.xcassets"; sourceTree = "<group>"; };
		DB52F826278F5A100036C620 /* Payment.swift */ = {isa = PBXFileReference; lastKnownFileType = sourcecode.swift; path = Payment.swift; sourceTree = "<group>"; };
		DB52F828278F5A770036C620 /* GooglePayment.swift */ = {isa = PBXFileReference; lastKnownFileType = sourcecode.swift; path = GooglePayment.swift; sourceTree = "<group>"; };
		DB52F82A278F5AC80036C620 /* CardPayment.swift */ = {isa = PBXFileReference; lastKnownFileType = sourcecode.swift; path = CardPayment.swift; sourceTree = "<group>"; };
		DB52F82C278F5B390036C620 /* PaymentTypes.swift */ = {isa = PBXFileReference; lastKnownFileType = sourcecode.swift; path = PaymentTypes.swift; sourceTree = "<group>"; };
		DB52F82E278F5B830036C620 /* PaymentFactory.swift */ = {isa = PBXFileReference; lastKnownFileType = sourcecode.swift; path = PaymentFactory.swift; sourceTree = "<group>"; };
		DB52F833278F5F620036C620 /* PaymentExampleFactoryMethodView.swift */ = {isa = PBXFileReference; lastKnownFileType = sourcecode.swift; path = PaymentExampleFactoryMethodView.swift; sourceTree = "<group>"; };
		DB52F837278F638E0036C620 /* EarnProtocol.swift */ = {isa = PBXFileReference; lastKnownFileType = sourcecode.swift; path = EarnProtocol.swift; sourceTree = "<group>"; };
		DB52F839278F64A30036C620 /* LocalEarn.swift */ = {isa = PBXFileReference; lastKnownFileType = sourcecode.swift; path = LocalEarn.swift; sourceTree = "<group>"; };
		DB52F83B278F66920036C620 /* EarnFactoryProtocol.swift */ = {isa = PBXFileReference; lastKnownFileType = sourcecode.swift; path = EarnFactoryProtocol.swift; sourceTree = "<group>"; };
		DB52F83D278F67080036C620 /* LocalEarnFactory.swift */ = {isa = PBXFileReference; lastKnownFileType = sourcecode.swift; path = LocalEarnFactory.swift; sourceTree = "<group>"; };
		DB52F83F278F68710036C620 /* EarnExampleFactoryMethodView.swift */ = {isa = PBXFileReference; lastKnownFileType = sourcecode.swift; path = EarnExampleFactoryMethodView.swift; sourceTree = "<group>"; };
		DB52F841278F74200036C620 /* ForeignEarn.swift */ = {isa = PBXFileReference; lastKnownFileType = sourcecode.swift; path = ForeignEarn.swift; sourceTree = "<group>"; };
		DB52F843278F753F0036C620 /* ForeignEarnFactory.swift */ = {isa = PBXFileReference; lastKnownFileType = sourcecode.swift; path = ForeignEarnFactory.swift; sourceTree = "<group>"; };
		DB59B7752799EEC9004DC75C /* Card.swift */ = {isa = PBXFileReference; lastKnownFileType = sourcecode.swift; path = Card.swift; sourceTree = "<group>"; };
		DB59B7772799F09F004DC75C /* BuilderExampleView.swift */ = {isa = PBXFileReference; lastKnownFileType = sourcecode.swift; path = BuilderExampleView.swift; sourceTree = "<group>"; };
		DB5F52E727A69BBD003BD940 /* Mediator.swift */ = {isa = PBXFileReference; lastKnownFileType = sourcecode.swift; path = Mediator.swift; sourceTree = "<group>"; };
		DB5F52E927A69BF2003BD940 /* Colleague.swift */ = {isa = PBXFileReference; lastKnownFileType = sourcecode.swift; path = Colleague.swift; sourceTree = "<group>"; };
		DB5F52EB27A69C4C003BD940 /* ConcreteColleague1.swift */ = {isa = PBXFileReference; lastKnownFileType = sourcecode.swift; path = ConcreteColleague1.swift; sourceTree = "<group>"; };
		DB5F52ED27A69CCA003BD940 /* ConcreteColleague2.swift */ = {isa = PBXFileReference; lastKnownFileType = sourcecode.swift; path = ConcreteColleague2.swift; sourceTree = "<group>"; };
		DB5F52EF27A69CFE003BD940 /* ConcreteMediator.swift */ = {isa = PBXFileReference; lastKnownFileType = sourcecode.swift; path = ConcreteMediator.swift; sourceTree = "<group>"; };
		DB5F52F127A69DDE003BD940 /* ChatExampleMediatorExampleView.swift */ = {isa = PBXFileReference; lastKnownFileType = sourcecode.swift; path = ChatExampleMediatorExampleView.swift; sourceTree = "<group>"; };
		DB5F52F527A73942003BD940 /* ArticleMemento.swift */ = {isa = PBXFileReference; lastKnownFileType = sourcecode.swift; path = ArticleMemento.swift; sourceTree = "<group>"; };
		DB5F52F727A7397D003BD940 /* ArticleOriginator.swift */ = {isa = PBXFileReference; lastKnownFileType = sourcecode.swift; path = ArticleOriginator.swift; sourceTree = "<group>"; };
		DB5F52F927A73A37003BD940 /* Carataker.swift */ = {isa = PBXFileReference; lastKnownFileType = sourcecode.swift; path = Carataker.swift; sourceTree = "<group>"; };
		DB5F52FD27A73AB3003BD940 /* ExampleArticleMementoView.swift */ = {isa = PBXFileReference; lastKnownFileType = sourcecode.swift; path = ExampleArticleMementoView.swift; sourceTree = "<group>"; };
		DB701FB727960FB9001203A1 /* Exercise.swift */ = {isa = PBXFileReference; lastKnownFileType = sourcecode.swift; path = Exercise.swift; sourceTree = "<group>"; };
		DB701FB92796114D001203A1 /* ExerciseSummary.swift */ = {isa = PBXFileReference; lastKnownFileType = sourcecode.swift; path = ExerciseSummary.swift; sourceTree = "<group>"; };
		DB701FBB27961300001203A1 /* StrengthExerciseSummary.swift */ = {isa = PBXFileReference; lastKnownFileType = sourcecode.swift; path = StrengthExerciseSummary.swift; sourceTree = "<group>"; };
		DB701FBD27961462001203A1 /* CardioExerciseSummary.swift */ = {isa = PBXFileReference; lastKnownFileType = sourcecode.swift; path = CardioExerciseSummary.swift; sourceTree = "<group>"; };
		DB701FBF279614F4001203A1 /* ExerciseSummaryTypes.swift */ = {isa = PBXFileReference; lastKnownFileType = sourcecode.swift; path = ExerciseSummaryTypes.swift; sourceTree = "<group>"; };
		DB701FC12796154C001203A1 /* ExerciseSummaryFactory.swift */ = {isa = PBXFileReference; lastKnownFileType = sourcecode.swift; path = ExerciseSummaryFactory.swift; sourceTree = "<group>"; };
		DB701FC3279616C2001203A1 /* ExercisesExampleFactoryMethodView.swift */ = {isa = PBXFileReference; lastKnownFileType = sourcecode.swift; path = ExercisesExampleFactoryMethodView.swift; sourceTree = "<group>"; };
		DB7AAF9727988F98008ECDAD /* ExerciseSummaryFactoryProtocol.swift */ = {isa = PBXFileReference; lastKnownFileType = sourcecode.swift; path = ExerciseSummaryFactoryProtocol.swift; sourceTree = "<group>"; };
		DB7AAF9927989030008ECDAD /* StrengthExerciseSummaryFactory.swift */ = {isa = PBXFileReference; lastKnownFileType = sourcecode.swift; path = StrengthExerciseSummaryFactory.swift; sourceTree = "<group>"; };
		DB7AAF9B2798912B008ECDAD /* CardioExerciseSummaryFactory.swift */ = {isa = PBXFileReference; lastKnownFileType = sourcecode.swift; path = CardioExerciseSummaryFactory.swift; sourceTree = "<group>"; };
		DB7AAF9D27989190008ECDAD /* PureExercisesExampleFactoryMethodView.swift */ = {isa = PBXFileReference; lastKnownFileType = sourcecode.swift; path = PureExercisesExampleFactoryMethodView.swift; sourceTree = "<group>"; };
		DB7AAFA4279897BD008ECDAD /* PaymentAF.swift */ = {isa = PBXFileReference; lastKnownFileType = sourcecode.swift; path = PaymentAF.swift; sourceTree = "<group>"; };
		DB7AAFA62798987A008ECDAD /* CardPaymentAF.swift */ = {isa = PBXFileReference; lastKnownFileType = sourcecode.swift; path = CardPaymentAF.swift; sourceTree = "<group>"; };
		DB7AAFA827989908008ECDAD /* GooglePaymentAF.swift */ = {isa = PBXFileReference; lastKnownFileType = sourcecode.swift; path = GooglePaymentAF.swift; sourceTree = "<group>"; };
		DB7AAFAC27989A52008ECDAD /* MethodAF.swift */ = {isa = PBXFileReference; lastKnownFileType = sourcecode.swift; path = MethodAF.swift; sourceTree = "<group>"; };
		DB7AAFAE27989ACF008ECDAD /* MontlyMethodAF.swift */ = {isa = PBXFileReference; lastKnownFileType = sourcecode.swift; path = MontlyMethodAF.swift; sourceTree = "<group>"; };
		DB7AAFB027989B70008ECDAD /* PaymentInAdvanceMethodAF.swift */ = {isa = PBXFileReference; lastKnownFileType = sourcecode.swift; path = PaymentInAdvanceMethodAF.swift; sourceTree = "<group>"; };
		DB7AAFB227989DAE008ECDAD /* AbstractFactory.swift */ = {isa = PBXFileReference; lastKnownFileType = sourcecode.swift; path = AbstractFactory.swift; sourceTree = "<group>"; };
		DB7AAFB427989E23008ECDAD /* PaymentInAdvanceCardFactory.swift */ = {isa = PBXFileReference; lastKnownFileType = sourcecode.swift; path = PaymentInAdvanceCardFactory.swift; sourceTree = "<group>"; };
		DB7AAFB627989F28008ECDAD /* MontlyGoogleFactory.swift */ = {isa = PBXFileReference; lastKnownFileType = sourcecode.swift; path = MontlyGoogleFactory.swift; sourceTree = "<group>"; };
		DB7AAFB827989FB0008ECDAD /* PaymentAFMethodClient.swift */ = {isa = PBXFileReference; lastKnownFileType = sourcecode.swift; path = PaymentAFMethodClient.swift; sourceTree = "<group>"; };
		DB7AAFBA2798AAC2008ECDAD /* AbstractFactoryPaymentMethodExampleView.swift */ = {isa = PBXFileReference; lastKnownFileType = sourcecode.swift; path = AbstractFactoryPaymentMethodExampleView.swift; sourceTree = "<group>"; };
		DBBFA28127A2F090005ED844 /* CardSingleton.swift */ = {isa = PBXFileReference; lastKnownFileType = sourcecode.swift; path = CardSingleton.swift; sourceTree = "<group>"; };
		DBBFA28327A2F113005ED844 /* CardSingletonExampleView.swift */ = {isa = PBXFileReference; lastKnownFileType = sourcecode.swift; path = CardSingletonExampleView.swift; sourceTree = "<group>"; };
		DBBFA28927A2F48A005ED844 /* ApprovedLoanHandler.swift */ = {isa = PBXFileReference; lastKnownFileType = sourcecode.swift; path = ApprovedLoanHandler.swift; sourceTree = "<group>"; };
		DBBFA28B27A2F4F3005ED844 /* GoldHandler.swift */ = {isa = PBXFileReference; lastKnownFileType = sourcecode.swift; path = GoldHandler.swift; sourceTree = "<group>"; };
		DBBFA28D27A2F5EA005ED844 /* PlatiniumHandler.swift */ = {isa = PBXFileReference; lastKnownFileType = sourcecode.swift; path = PlatiniumHandler.swift; sourceTree = "<group>"; };
		DBBFA28F27A2F63A005ED844 /* BlackHandler.swift */ = {isa = PBXFileReference; lastKnownFileType = sourcecode.swift; path = BlackHandler.swift; sourceTree = "<group>"; };
		DBBFA29127A2F687005ED844 /* BankHandler.swift */ = {isa = PBXFileReference; lastKnownFileType = sourcecode.swift; path = BankHandler.swift; sourceTree = "<group>"; };
		DBBFA29327A2F832005ED844 /* ExampleBankChaingOfResponsabilityView.swift */ = {isa = PBXFileReference; lastKnownFileType = sourcecode.swift; path = ExampleBankChaingOfResponsabilityView.swift; sourceTree = "<group>"; };
		DBE27B5227B1A51F000DA6B5 /* TrafficLight.swift */ = {isa = PBXFileReference; lastKnownFileType = sourcecode.swift; path = TrafficLight.swift; sourceTree = "<group>"; };
		DBE27B5427B1A55E000DA6B5 /* Observer.swift */ = {isa = PBXFileReference; lastKnownFileType = sourcecode.swift; path = Observer.swift; sourceTree = "<group>"; };
		DBE27B5627B1A586000DA6B5 /* Subject.swift */ = {isa = PBXFileReference; lastKnownFileType = sourcecode.swift; path = Subject.swift; sourceTree = "<group>"; };
		DBE27B5827B1A65B000DA6B5 /* MessagePublisher.swift */ = {isa = PBXFileReference; lastKnownFileType = sourcecode.swift; path = MessagePublisher.swift; sourceTree = "<group>"; };
		DBE27B5B27B1A79D000DA6B5 /* Car.swift */ = {isa = PBXFileReference; lastKnownFileType = sourcecode.swift; path = Car.swift; sourceTree = "<group>"; };
		DBE27B5D27B1A81E000DA6B5 /* Pedestrian.swift */ = {isa = PBXFileReference; lastKnownFileType = sourcecode.swift; path = Pedestrian.swift; sourceTree = "<group>"; };
		DBE27B5F27B1A89E000DA6B5 /* ObserverPatternExampleSemaphore.swift */ = {isa = PBXFileReference; lastKnownFileType = sourcecode.swift; path = ObserverPatternExampleSemaphore.swift; sourceTree = "<group>"; };
		DBFA0BD027A45D6800FD69A6 /* Command.swift */ = {isa = PBXFileReference; lastKnownFileType = sourcecode.swift; path = Command.swift; sourceTree = "<group>"; };
		DBFA0BD227A45D9200FD69A6 /* CredictCardReceiver.swift */ = {isa = PBXFileReference; lastKnownFileType = sourcecode.swift; path = CredictCardReceiver.swift; sourceTree = "<group>"; };
		DBFA0BD427A45E6B00FD69A6 /* CredictCardActivateCommand.swift */ = {isa = PBXFileReference; lastKnownFileType = sourcecode.swift; path = CredictCardActivateCommand.swift; sourceTree = "<group>"; };
		DBFA0BD627A45F0600FD69A6 /* CreditCardDeactivateCommand.swift */ = {isa = PBXFileReference; lastKnownFileType = sourcecode.swift; path = CreditCardDeactivateCommand.swift; sourceTree = "<group>"; };
		DBFA0BD827A45F6100FD69A6 /* CreditCardInvoker.swift */ = {isa = PBXFileReference; lastKnownFileType = sourcecode.swift; path = CreditCardInvoker.swift; sourceTree = "<group>"; };
		DBFA0BDA27A45FD600FD69A6 /* ExampleBankCommandExampleView.swift */ = {isa = PBXFileReference; lastKnownFileType = sourcecode.swift; path = ExampleBankCommandExampleView.swift; sourceTree = "<group>"; };
/* End PBXFileReference section */

/* Begin PBXFrameworksBuildPhase section */
		DB52F810278F58BD0036C620 /* Frameworks */ = {
			isa = PBXFrameworksBuildPhase;
			buildActionMask = 2147483647;
			files = (
			);
			runOnlyForDeploymentPostprocessing = 0;
		};
/* End PBXFrameworksBuildPhase section */

/* Begin PBXGroup section */
		DB18516827A5B77C00472A3E /* Iterator */ = {
			isa = PBXGroup;
			children = (
				DB18516927A5B78400472A3E /* CreditCardExample */,
			);
			path = Iterator;
			sourceTree = "<group>";
		};
		DB18516927A5B78400472A3E /* CreditCardExample */ = {
			isa = PBXGroup;
			children = (
				DB18516A27A5B79F00472A3E /* CreditCard.swift */,
				DB18516C27A5B7E700472A3E /* CreditCardCollection.swift */,
				DB18516E27A5BABF00472A3E /* CreditCardIterator.swift */,
				DB18517027A5BD3C00472A3E /* IteratorExampleCreditCardCollectionsView.swift */,
			);
			path = CreditCardExample;
			sourceTree = "<group>";
		};
		DB322893279F4BA300A97966 /* Prototype */ = {
			isa = PBXGroup;
			children = (
				DB322894279F4BB000A97966 /* CardExample */,
			);
			path = Prototype;
			sourceTree = "<group>";
		};
		DB322894279F4BB000A97966 /* CardExample */ = {
			isa = PBXGroup;
			children = (
				DB322895279F4C5E00A97966 /* PrototypeCard.swift */,
				DB322897279F4D4300A97966 /* VisaCard.swift */,
				DB322899279F4E6800A97966 /* PrototypeCardExampleView.swift */,
			);
			path = CardExample;
			sourceTree = "<group>";
		};
		DB52F80A278F58BD0036C620 = {
			isa = PBXGroup;
			children = (
				DB52F815278F58BD0036C620 /* DesignPatternSwiftUI */,
				DB52F814278F58BD0036C620 /* Products */,
			);
			sourceTree = "<group>";
		};
		DB52F814278F58BD0036C620 /* Products */ = {
			isa = PBXGroup;
			children = (
				DB52F813278F58BD0036C620 /* DesignPatternSwiftUI.app */,
			);
			name = Products;
			sourceTree = "<group>";
		};
		DB52F815278F58BD0036C620 /* DesignPatternSwiftUI */ = {
			isa = PBXGroup;
			children = (
				DBBFA28627A2F308005ED844 /* Behavioral */,
				DB52F824278F58E70036C620 /* Creational */,
				DB52F816278F58BD0036C620 /* DesignPatternSwiftUIApp.swift */,
				DB52F81A278F58BE0036C620 /* Assets.xcassets */,
				DB52F81C278F58BE0036C620 /* Preview Content */,
			);
			path = DesignPatternSwiftUI;
			sourceTree = "<group>";
		};
		DB52F81C278F58BE0036C620 /* Preview Content */ = {
			isa = PBXGroup;
			children = (
				DB52F81D278F58BE0036C620 /* Preview Assets.xcassets */,
			);
			path = "Preview Content";
			sourceTree = "<group>";
		};
		DB52F824278F58E70036C620 /* Creational */ = {
			isa = PBXGroup;
			children = (
				DBBFA27F27A2F00F005ED844 /* Singleton */,
				DB322893279F4BA300A97966 /* Prototype */,
				DB59B7732799EE98004DC75C /* Builder */,
				DB7AAF9F2798964D008ECDAD /* AbstractFactory */,
				DB52F825278F58F70036C620 /* FactoryMethod */,
			);
			path = Creational;
			sourceTree = "<group>";
		};
		DB52F825278F58F70036C620 /* FactoryMethod */ = {
			isa = PBXGroup;
			children = (
				DB701FB627960F7B001203A1 /* ExerciseExample */,
				DB52F836278F63190036C620 /* EarnExample */,
				DB52F832278F5EFA0036C620 /* PaymentExample */,
			);
			path = FactoryMethod;
			sourceTree = "<group>";
		};
		DB52F832278F5EFA0036C620 /* PaymentExample */ = {
			isa = PBXGroup;
			children = (
				DB52F826278F5A100036C620 /* Payment.swift */,
				DB52F828278F5A770036C620 /* GooglePayment.swift */,
				DB52F82A278F5AC80036C620 /* CardPayment.swift */,
				DB52F82C278F5B390036C620 /* PaymentTypes.swift */,
				DB52F82E278F5B830036C620 /* PaymentFactory.swift */,
				DB52F833278F5F620036C620 /* PaymentExampleFactoryMethodView.swift */,
			);
			path = PaymentExample;
			sourceTree = "<group>";
		};
		DB52F836278F63190036C620 /* EarnExample */ = {
			isa = PBXGroup;
			children = (
				DB52F837278F638E0036C620 /* EarnProtocol.swift */,
				DB52F83B278F66920036C620 /* EarnFactoryProtocol.swift */,
				DB52F839278F64A30036C620 /* LocalEarn.swift */,
				DB52F83D278F67080036C620 /* LocalEarnFactory.swift */,
				DB52F841278F74200036C620 /* ForeignEarn.swift */,
				DB52F843278F753F0036C620 /* ForeignEarnFactory.swift */,
				DB52F83F278F68710036C620 /* EarnExampleFactoryMethodView.swift */,
			);
			path = EarnExample;
			sourceTree = "<group>";
		};
		DB59B7732799EE98004DC75C /* Builder */ = {
			isa = PBXGroup;
			children = (
				DB59B7742799EEA6004DC75C /* CardExample */,
			);
			path = Builder;
			sourceTree = "<group>";
		};
		DB59B7742799EEA6004DC75C /* CardExample */ = {
			isa = PBXGroup;
			children = (
				DB59B7752799EEC9004DC75C /* Card.swift */,
				DB59B7772799F09F004DC75C /* BuilderExampleView.swift */,
			);
			path = CardExample;
			sourceTree = "<group>";
		};
		DB5F52E527A69B1A003BD940 /* Mediator */ = {
			isa = PBXGroup;
			children = (
				DB5F52E627A69B90003BD940 /* ExampleChat */,
			);
			path = Mediator;
			sourceTree = "<group>";
		};
		DB5F52E627A69B90003BD940 /* ExampleChat */ = {
			isa = PBXGroup;
			children = (
				DB5F52E727A69BBD003BD940 /* Mediator.swift */,
				DB5F52E927A69BF2003BD940 /* Colleague.swift */,
				DB5F52EB27A69C4C003BD940 /* ConcreteColleague1.swift */,
				DB5F52ED27A69CCA003BD940 /* ConcreteColleague2.swift */,
				DB5F52EF27A69CFE003BD940 /* ConcreteMediator.swift */,
				DB5F52F127A69DDE003BD940 /* ChatExampleMediatorExampleView.swift */,
			);
			path = ExampleChat;
			sourceTree = "<group>";
		};
		DB5F52F327A738C6003BD940 /* Memento */ = {
			isa = PBXGroup;
			children = (
				DB5F52F427A7391D003BD940 /* ExampleArticle */,
			);
			path = Memento;
			sourceTree = "<group>";
		};
		DB5F52F427A7391D003BD940 /* ExampleArticle */ = {
			isa = PBXGroup;
			children = (
				DB5F52F527A73942003BD940 /* ArticleMemento.swift */,
				DB5F52F727A7397D003BD940 /* ArticleOriginator.swift */,
				DB5F52F927A73A37003BD940 /* Carataker.swift */,
				DB5F52FD27A73AB3003BD940 /* ExampleArticleMementoView.swift */,
			);
			path = ExampleArticle;
			sourceTree = "<group>";
		};
		DB701FB627960F7B001203A1 /* ExerciseExample */ = {
			isa = PBXGroup;
			children = (
				DB7AAF9627988F5E008ECDAD /* ExampleWithPureFactoryMethod */,
				DB701FB727960FB9001203A1 /* Exercise.swift */,
				DB701FB92796114D001203A1 /* ExerciseSummary.swift */,
				DB701FBB27961300001203A1 /* StrengthExerciseSummary.swift */,
				DB701FBD27961462001203A1 /* CardioExerciseSummary.swift */,
				DB701FBF279614F4001203A1 /* ExerciseSummaryTypes.swift */,
				DB701FC12796154C001203A1 /* ExerciseSummaryFactory.swift */,
				DB701FC3279616C2001203A1 /* ExercisesExampleFactoryMethodView.swift */,
			);
			path = ExerciseExample;
			sourceTree = "<group>";
		};
		DB7AAF9627988F5E008ECDAD /* ExampleWithPureFactoryMethod */ = {
			isa = PBXGroup;
			children = (
				DB7AAF9727988F98008ECDAD /* ExerciseSummaryFactoryProtocol.swift */,
				DB7AAF9927989030008ECDAD /* StrengthExerciseSummaryFactory.swift */,
				DB7AAF9B2798912B008ECDAD /* CardioExerciseSummaryFactory.swift */,
				DB7AAF9D27989190008ECDAD /* PureExercisesExampleFactoryMethodView.swift */,
			);
			path = ExampleWithPureFactoryMethod;
			sourceTree = "<group>";
		};
		DB7AAF9F2798964D008ECDAD /* AbstractFactory */ = {
			isa = PBXGroup;
			children = (
				DB7AAFA22798979F008ECDAD /* PaymentExample */,
			);
			path = AbstractFactory;
			sourceTree = "<group>";
		};
		DB7AAFA22798979F008ECDAD /* PaymentExample */ = {
			isa = PBXGroup;
			children = (
				DB7AAFAB27989A44008ECDAD /* Method */,
				DB7AAFAA27989A33008ECDAD /* Payment */,
				DB7AAFB227989DAE008ECDAD /* AbstractFactory.swift */,
				DB7AAFB427989E23008ECDAD /* PaymentInAdvanceCardFactory.swift */,
				DB7AAFB627989F28008ECDAD /* MontlyGoogleFactory.swift */,
				DB7AAFB827989FB0008ECDAD /* PaymentAFMethodClient.swift */,
				DB7AAFBA2798AAC2008ECDAD /* AbstractFactoryPaymentMethodExampleView.swift */,
			);
			path = PaymentExample;
			sourceTree = "<group>";
		};
		DB7AAFAA27989A33008ECDAD /* Payment */ = {
			isa = PBXGroup;
			children = (
				DB7AAFA4279897BD008ECDAD /* PaymentAF.swift */,
				DB7AAFA62798987A008ECDAD /* CardPaymentAF.swift */,
				DB7AAFA827989908008ECDAD /* GooglePaymentAF.swift */,
			);
			path = Payment;
			sourceTree = "<group>";
		};
		DB7AAFAB27989A44008ECDAD /* Method */ = {
			isa = PBXGroup;
			children = (
				DB7AAFAC27989A52008ECDAD /* MethodAF.swift */,
				DB7AAFAE27989ACF008ECDAD /* MontlyMethodAF.swift */,
				DB7AAFB027989B70008ECDAD /* PaymentInAdvanceMethodAF.swift */,
			);
			path = Method;
			sourceTree = "<group>";
		};
		DBBFA27F27A2F00F005ED844 /* Singleton */ = {
			isa = PBXGroup;
			children = (
				DBBFA28027A2F01B005ED844 /* CardExample */,
			);
			path = Singleton;
			sourceTree = "<group>";
		};
		DBBFA28027A2F01B005ED844 /* CardExample */ = {
			isa = PBXGroup;
			children = (
				DBBFA28127A2F090005ED844 /* CardSingleton.swift */,
				DBBFA28327A2F113005ED844 /* CardSingletonExampleView.swift */,
			);
			path = CardExample;
			sourceTree = "<group>";
		};
		DBBFA28627A2F308005ED844 /* Behavioral */ = {
			isa = PBXGroup;
			children = (
				DBE27B5027B1A4E8000DA6B5 /* Observer */,
				DB5F52F327A738C6003BD940 /* Memento */,
				DB5F52E527A69B1A003BD940 /* Mediator */,
				DB18516827A5B77C00472A3E /* Iterator */,
				DBFA0BCE27A4599800FD69A6 /* Command */,
				DBBFA28727A2F36B005ED844 /* ChainOfResponsability */,
			);
			path = Behavioral;
			sourceTree = "<group>";
		};
		DBBFA28727A2F36B005ED844 /* ChainOfResponsability */ = {
			isa = PBXGroup;
			children = (
				DBBFA28827A2F446005ED844 /* ExampleApprovedLoan */,
			);
			path = ChainOfResponsability;
			sourceTree = "<group>";
		};
		DBBFA28827A2F446005ED844 /* ExampleApprovedLoan */ = {
			isa = PBXGroup;
			children = (
				DBBFA28927A2F48A005ED844 /* ApprovedLoanHandler.swift */,
				DBBFA28B27A2F4F3005ED844 /* GoldHandler.swift */,
				DBBFA28D27A2F5EA005ED844 /* PlatiniumHandler.swift */,
				DBBFA28F27A2F63A005ED844 /* BlackHandler.swift */,
				DBBFA29127A2F687005ED844 /* BankHandler.swift */,
				DBBFA29327A2F832005ED844 /* ExampleBankChaingOfResponsabilityView.swift */,
			);
			path = ExampleApprovedLoan;
			sourceTree = "<group>";
		};
		DBE27B5027B1A4E8000DA6B5 /* Observer */ = {
			isa = PBXGroup;
			children = (
				DBE27B5127B1A4F9000DA6B5 /* ExampleTrafficLight */,
			);
			path = Observer;
			sourceTree = "<group>";
		};
		DBE27B5127B1A4F9000DA6B5 /* ExampleTrafficLight */ = {
			isa = PBXGroup;
			children = (
				DBE27B5227B1A51F000DA6B5 /* TrafficLight.swift */,
				DBE27B5427B1A55E000DA6B5 /* Observer.swift */,
				DBE27B5627B1A586000DA6B5 /* Subject.swift */,
				DBE27B5827B1A65B000DA6B5 /* MessagePublisher.swift */,
				DBE27B5B27B1A79D000DA6B5 /* Car.swift */,
				DBE27B5D27B1A81E000DA6B5 /* Pedestrian.swift */,
				DBE27B5F27B1A89E000DA6B5 /* ObserverPatternExampleSemaphore.swift */,
			);
			path = ExampleTrafficLight;
			sourceTree = "<group>";
		};
		DBFA0BCE27A4599800FD69A6 /* Command */ = {
			isa = PBXGroup;
			children = (
				DBFA0BCF27A45C9100FD69A6 /* ExampleBank */,
			);
			path = Command;
			sourceTree = "<group>";
		};
		DBFA0BCF27A45C9100FD69A6 /* ExampleBank */ = {
			isa = PBXGroup;
			children = (
				DBFA0BD027A45D6800FD69A6 /* Command.swift */,
				DBFA0BD227A45D9200FD69A6 /* CredictCardReceiver.swift */,
				DBFA0BD427A45E6B00FD69A6 /* CredictCardActivateCommand.swift */,
				DBFA0BD627A45F0600FD69A6 /* CreditCardDeactivateCommand.swift */,
				DBFA0BD827A45F6100FD69A6 /* CreditCardInvoker.swift */,
				DBFA0BDA27A45FD600FD69A6 /* ExampleBankCommandExampleView.swift */,
			);
			path = ExampleBank;
			sourceTree = "<group>";
		};
/* End PBXGroup section */

/* Begin PBXNativeTarget section */
		DB52F812278F58BD0036C620 /* DesignPatternSwiftUI */ = {
			isa = PBXNativeTarget;
			buildConfigurationList = DB52F821278F58BE0036C620 /* Build configuration list for PBXNativeTarget "DesignPatternSwiftUI" */;
			buildPhases = (
				DB52F80F278F58BD0036C620 /* Sources */,
				DB52F810278F58BD0036C620 /* Frameworks */,
				DB52F811278F58BD0036C620 /* Resources */,
			);
			buildRules = (
			);
			dependencies = (
			);
			name = DesignPatternSwiftUI;
			productName = DesignPatternSwiftUI;
			productReference = DB52F813278F58BD0036C620 /* DesignPatternSwiftUI.app */;
			productType = "com.apple.product-type.application";
		};
/* End PBXNativeTarget section */

/* Begin PBXProject section */
		DB52F80B278F58BD0036C620 /* Project object */ = {
			isa = PBXProject;
			attributes = {
				BuildIndependentTargetsInParallel = 1;
				LastSwiftUpdateCheck = 1320;
				LastUpgradeCheck = 1320;
				TargetAttributes = {
					DB52F812278F58BD0036C620 = {
						CreatedOnToolsVersion = 13.2.1;
					};
				};
			};
			buildConfigurationList = DB52F80E278F58BD0036C620 /* Build configuration list for PBXProject "DesignPatternSwiftUI" */;
			compatibilityVersion = "Xcode 13.0";
			developmentRegion = en;
			hasScannedForEncodings = 0;
			knownRegions = (
				en,
				Base,
			);
			mainGroup = DB52F80A278F58BD0036C620;
			productRefGroup = DB52F814278F58BD0036C620 /* Products */;
			projectDirPath = "";
			projectRoot = "";
			targets = (
				DB52F812278F58BD0036C620 /* DesignPatternSwiftUI */,
			);
		};
/* End PBXProject section */

/* Begin PBXResourcesBuildPhase section */
		DB52F811278F58BD0036C620 /* Resources */ = {
			isa = PBXResourcesBuildPhase;
			buildActionMask = 2147483647;
			files = (
				DB52F81E278F58BE0036C620 /* Preview Assets.xcassets in Resources */,
				DB52F81B278F58BE0036C620 /* Assets.xcassets in Resources */,
			);
			runOnlyForDeploymentPostprocessing = 0;
		};
/* End PBXResourcesBuildPhase section */

/* Begin PBXSourcesBuildPhase section */
		DB52F80F278F58BD0036C620 /* Sources */ = {
			isa = PBXSourcesBuildPhase;
			buildActionMask = 2147483647;
			files = (
				DB7AAF9A27989030008ECDAD /* StrengthExerciseSummaryFactory.swift in Sources */,
				DB52F842278F74200036C620 /* ForeignEarn.swift in Sources */,
				DB5F52FE27A73AB3003BD940 /* ExampleArticleMementoView.swift in Sources */,
				DB18516F27A5BABF00472A3E /* CreditCardIterator.swift in Sources */,
				DB52F844278F753F0036C620 /* ForeignEarnFactory.swift in Sources */,
				DB701FC4279616C2001203A1 /* ExercisesExampleFactoryMethodView.swift in Sources */,
				DB701FBE27961462001203A1 /* CardioExerciseSummary.swift in Sources */,
				DBBFA29027A2F63A005ED844 /* BlackHandler.swift in Sources */,
				DB7AAFB127989B70008ECDAD /* PaymentInAdvanceMethodAF.swift in Sources */,
				DB322898279F4D4300A97966 /* VisaCard.swift in Sources */,
				DB32289A279F4E6800A97966 /* PrototypeCardExampleView.swift in Sources */,
				DB7AAFB927989FB0008ECDAD /* PaymentAFMethodClient.swift in Sources */,
				DB7AAFB527989E23008ECDAD /* PaymentInAdvanceCardFactory.swift in Sources */,
				DBBFA28427A2F113005ED844 /* CardSingletonExampleView.swift in Sources */,
				DBE27B5327B1A51F000DA6B5 /* TrafficLight.swift in Sources */,
				DB5F52EA27A69BF2003BD940 /* Colleague.swift in Sources */,
				DBE27B5727B1A586000DA6B5 /* Subject.swift in Sources */,
				DBBFA29427A2F832005ED844 /* ExampleBankChaingOfResponsabilityView.swift in Sources */,
				DB59B7762799EEC9004DC75C /* Card.swift in Sources */,
				DB5F52FA27A73A37003BD940 /* Carataker.swift in Sources */,
				DB52F82D278F5B390036C620 /* PaymentTypes.swift in Sources */,
				DB7AAF9E27989190008ECDAD /* PureExercisesExampleFactoryMethodView.swift in Sources */,
				DB18516B27A5B79F00472A3E /* CreditCard.swift in Sources */,
				DB5F52F827A7397D003BD940 /* ArticleOriginator.swift in Sources */,
				DB52F82B278F5AC80036C620 /* CardPayment.swift in Sources */,
				DB52F834278F5F620036C620 /* PaymentExampleFactoryMethodView.swift in Sources */,
				DB701FB827960FB9001203A1 /* Exercise.swift in Sources */,
				DB701FBA2796114D001203A1 /* ExerciseSummary.swift in Sources */,
				DB52F840278F68710036C620 /* EarnExampleFactoryMethodView.swift in Sources */,
				DBFA0BD927A45F6100FD69A6 /* CreditCardInvoker.swift in Sources */,
				DB5F52F027A69CFE003BD940 /* ConcreteMediator.swift in Sources */,
				DB5F52EE27A69CCA003BD940 /* ConcreteColleague2.swift in Sources */,
				DB701FBC27961300001203A1 /* StrengthExerciseSummary.swift in Sources */,
				DB701FC0279614F4001203A1 /* ExerciseSummaryTypes.swift in Sources */,
				DBBFA28A27A2F48A005ED844 /* ApprovedLoanHandler.swift in Sources */,
				DB52F829278F5A770036C620 /* GooglePayment.swift in Sources */,
				DB322896279F4C5E00A97966 /* PrototypeCard.swift in Sources */,
				DB18516D27A5B7E700472A3E /* CreditCardCollection.swift in Sources */,
				DB52F83C278F66920036C620 /* EarnFactoryProtocol.swift in Sources */,
				DB7AAFAF27989ACF008ECDAD /* MontlyMethodAF.swift in Sources */,
				DB52F83A278F64A30036C620 /* LocalEarn.swift in Sources */,
				DB52F827278F5A100036C620 /* Payment.swift in Sources */,
				DB7AAFA927989908008ECDAD /* GooglePaymentAF.swift in Sources */,
				DBBFA28C27A2F4F3005ED844 /* GoldHandler.swift in Sources */,
				DBE27B5927B1A65B000DA6B5 /* MessagePublisher.swift in Sources */,
				DB7AAF9C2798912B008ECDAD /* CardioExerciseSummaryFactory.swift in Sources */,
				DBFA0BD127A45D6800FD69A6 /* Command.swift in Sources */,
				DB18517127A5BD3C00472A3E /* IteratorExampleCreditCardCollectionsView.swift in Sources */,
				DB5F52F227A69DDE003BD940 /* ChatExampleMediatorExampleView.swift in Sources */,
				DB52F838278F638E0036C620 /* EarnProtocol.swift in Sources */,
				DBE27B5527B1A55E000DA6B5 /* Observer.swift in Sources */,
				DB7AAF9827988F98008ECDAD /* ExerciseSummaryFactoryProtocol.swift in Sources */,
				DBFA0BDB27A45FD600FD69A6 /* ExampleBankCommandExampleView.swift in Sources */,
				DB7AAFBB2798AAC2008ECDAD /* AbstractFactoryPaymentMethodExampleView.swift in Sources */,
				DBE27B6027B1A89E000DA6B5 /* ObserverPatternExampleSemaphore.swift in Sources */,
				DB52F817278F58BD0036C620 /* DesignPatternSwiftUIApp.swift in Sources */,
				DBFA0BD727A45F0600FD69A6 /* CreditCardDeactivateCommand.swift in Sources */,
				DBFA0BD527A45E6B00FD69A6 /* CredictCardActivateCommand.swift in Sources */,
				DB5F52F627A73942003BD940 /* ArticleMemento.swift in Sources */,
				DB7AAFA72798987A008ECDAD /* CardPaymentAF.swift in Sources */,
				DBBFA28227A2F090005ED844 /* CardSingleton.swift in Sources */,
				DBBFA29227A2F687005ED844 /* BankHandler.swift in Sources */,
				DB5F52EC27A69C4C003BD940 /* ConcreteColleague1.swift in Sources */,
				DB7AAFAD27989A52008ECDAD /* MethodAF.swift in Sources */,
				DB59B7782799F09F004DC75C /* BuilderExampleView.swift in Sources */,
				DBE27B5C27B1A79D000DA6B5 /* Car.swift in Sources */,
				DBE27B5E27B1A81E000DA6B5 /* Pedestrian.swift in Sources */,
				DB701FC22796154C001203A1 /* ExerciseSummaryFactory.swift in Sources */,
				DB7AAFB327989DAE008ECDAD /* AbstractFactory.swift in Sources */,
				DB7AAFB727989F28008ECDAD /* MontlyGoogleFactory.swift in Sources */,
				DB5F52E827A69BBD003BD940 /* Mediator.swift in Sources */,
				DBBFA28E27A2F5EA005ED844 /* PlatiniumHandler.swift in Sources */,
				DB7AAFA5279897BD008ECDAD /* PaymentAF.swift in Sources */,
				DBFA0BD327A45D9200FD69A6 /* CredictCardReceiver.swift in Sources */,
				DB52F82F278F5B830036C620 /* PaymentFactory.swift in Sources */,
				DB52F83E278F67080036C620 /* LocalEarnFactory.swift in Sources */,
			);
			runOnlyForDeploymentPostprocessing = 0;
		};
/* End PBXSourcesBuildPhase section */

/* Begin XCBuildConfiguration section */
		DB52F81F278F58BE0036C620 /* Debug */ = {
			isa = XCBuildConfiguration;
			buildSettings = {
				ALWAYS_SEARCH_USER_PATHS = NO;
				CLANG_ANALYZER_NONNULL = YES;
				CLANG_ANALYZER_NUMBER_OBJECT_CONVERSION = YES_AGGRESSIVE;
				CLANG_CXX_LANGUAGE_STANDARD = "gnu++17";
				CLANG_CXX_LIBRARY = "libc++";
				CLANG_ENABLE_MODULES = YES;
				CLANG_ENABLE_OBJC_ARC = YES;
				CLANG_ENABLE_OBJC_WEAK = YES;
				CLANG_WARN_BLOCK_CAPTURE_AUTORELEASING = YES;
				CLANG_WARN_BOOL_CONVERSION = YES;
				CLANG_WARN_COMMA = YES;
				CLANG_WARN_CONSTANT_CONVERSION = YES;
				CLANG_WARN_DEPRECATED_OBJC_IMPLEMENTATIONS = YES;
				CLANG_WARN_DIRECT_OBJC_ISA_USAGE = YES_ERROR;
				CLANG_WARN_DOCUMENTATION_COMMENTS = YES;
				CLANG_WARN_EMPTY_BODY = YES;
				CLANG_WARN_ENUM_CONVERSION = YES;
				CLANG_WARN_INFINITE_RECURSION = YES;
				CLANG_WARN_INT_CONVERSION = YES;
				CLANG_WARN_NON_LITERAL_NULL_CONVERSION = YES;
				CLANG_WARN_OBJC_IMPLICIT_RETAIN_SELF = YES;
				CLANG_WARN_OBJC_LITERAL_CONVERSION = YES;
				CLANG_WARN_OBJC_ROOT_CLASS = YES_ERROR;
				CLANG_WARN_QUOTED_INCLUDE_IN_FRAMEWORK_HEADER = YES;
				CLANG_WARN_RANGE_LOOP_ANALYSIS = YES;
				CLANG_WARN_STRICT_PROTOTYPES = YES;
				CLANG_WARN_SUSPICIOUS_MOVE = YES;
				CLANG_WARN_UNGUARDED_AVAILABILITY = YES_AGGRESSIVE;
				CLANG_WARN_UNREACHABLE_CODE = YES;
				CLANG_WARN__DUPLICATE_METHOD_MATCH = YES;
				COPY_PHASE_STRIP = NO;
				DEBUG_INFORMATION_FORMAT = dwarf;
				ENABLE_STRICT_OBJC_MSGSEND = YES;
				ENABLE_TESTABILITY = YES;
				GCC_C_LANGUAGE_STANDARD = gnu11;
				GCC_DYNAMIC_NO_PIC = NO;
				GCC_NO_COMMON_BLOCKS = YES;
				GCC_OPTIMIZATION_LEVEL = 0;
				GCC_PREPROCESSOR_DEFINITIONS = (
					"DEBUG=1",
					"$(inherited)",
				);
				GCC_WARN_64_TO_32_BIT_CONVERSION = YES;
				GCC_WARN_ABOUT_RETURN_TYPE = YES_ERROR;
				GCC_WARN_UNDECLARED_SELECTOR = YES;
				GCC_WARN_UNINITIALIZED_AUTOS = YES_AGGRESSIVE;
				GCC_WARN_UNUSED_FUNCTION = YES;
				GCC_WARN_UNUSED_VARIABLE = YES;
				IPHONEOS_DEPLOYMENT_TARGET = 15.2;
				MTL_ENABLE_DEBUG_INFO = INCLUDE_SOURCE;
				MTL_FAST_MATH = YES;
				ONLY_ACTIVE_ARCH = YES;
				SDKROOT = iphoneos;
				SWIFT_ACTIVE_COMPILATION_CONDITIONS = DEBUG;
				SWIFT_OPTIMIZATION_LEVEL = "-Onone";
			};
			name = Debug;
		};
		DB52F820278F58BE0036C620 /* Release */ = {
			isa = XCBuildConfiguration;
			buildSettings = {
				ALWAYS_SEARCH_USER_PATHS = NO;
				CLANG_ANALYZER_NONNULL = YES;
				CLANG_ANALYZER_NUMBER_OBJECT_CONVERSION = YES_AGGRESSIVE;
				CLANG_CXX_LANGUAGE_STANDARD = "gnu++17";
				CLANG_CXX_LIBRARY = "libc++";
				CLANG_ENABLE_MODULES = YES;
				CLANG_ENABLE_OBJC_ARC = YES;
				CLANG_ENABLE_OBJC_WEAK = YES;
				CLANG_WARN_BLOCK_CAPTURE_AUTORELEASING = YES;
				CLANG_WARN_BOOL_CONVERSION = YES;
				CLANG_WARN_COMMA = YES;
				CLANG_WARN_CONSTANT_CONVERSION = YES;
				CLANG_WARN_DEPRECATED_OBJC_IMPLEMENTATIONS = YES;
				CLANG_WARN_DIRECT_OBJC_ISA_USAGE = YES_ERROR;
				CLANG_WARN_DOCUMENTATION_COMMENTS = YES;
				CLANG_WARN_EMPTY_BODY = YES;
				CLANG_WARN_ENUM_CONVERSION = YES;
				CLANG_WARN_INFINITE_RECURSION = YES;
				CLANG_WARN_INT_CONVERSION = YES;
				CLANG_WARN_NON_LITERAL_NULL_CONVERSION = YES;
				CLANG_WARN_OBJC_IMPLICIT_RETAIN_SELF = YES;
				CLANG_WARN_OBJC_LITERAL_CONVERSION = YES;
				CLANG_WARN_OBJC_ROOT_CLASS = YES_ERROR;
				CLANG_WARN_QUOTED_INCLUDE_IN_FRAMEWORK_HEADER = YES;
				CLANG_WARN_RANGE_LOOP_ANALYSIS = YES;
				CLANG_WARN_STRICT_PROTOTYPES = YES;
				CLANG_WARN_SUSPICIOUS_MOVE = YES;
				CLANG_WARN_UNGUARDED_AVAILABILITY = YES_AGGRESSIVE;
				CLANG_WARN_UNREACHABLE_CODE = YES;
				CLANG_WARN__DUPLICATE_METHOD_MATCH = YES;
				COPY_PHASE_STRIP = NO;
				DEBUG_INFORMATION_FORMAT = "dwarf-with-dsym";
				ENABLE_NS_ASSERTIONS = NO;
				ENABLE_STRICT_OBJC_MSGSEND = YES;
				GCC_C_LANGUAGE_STANDARD = gnu11;
				GCC_NO_COMMON_BLOCKS = YES;
				GCC_WARN_64_TO_32_BIT_CONVERSION = YES;
				GCC_WARN_ABOUT_RETURN_TYPE = YES_ERROR;
				GCC_WARN_UNDECLARED_SELECTOR = YES;
				GCC_WARN_UNINITIALIZED_AUTOS = YES_AGGRESSIVE;
				GCC_WARN_UNUSED_FUNCTION = YES;
				GCC_WARN_UNUSED_VARIABLE = YES;
				IPHONEOS_DEPLOYMENT_TARGET = 15.2;
				MTL_ENABLE_DEBUG_INFO = NO;
				MTL_FAST_MATH = YES;
				SDKROOT = iphoneos;
				SWIFT_COMPILATION_MODE = wholemodule;
				SWIFT_OPTIMIZATION_LEVEL = "-O";
				VALIDATE_PRODUCT = YES;
			};
			name = Release;
		};
		DB52F822278F58BE0036C620 /* Debug */ = {
			isa = XCBuildConfiguration;
			buildSettings = {
				ASSETCATALOG_COMPILER_APPICON_NAME = AppIcon;
				ASSETCATALOG_COMPILER_GLOBAL_ACCENT_COLOR_NAME = AccentColor;
				CODE_SIGN_STYLE = Automatic;
				CURRENT_PROJECT_VERSION = 1;
				DEVELOPMENT_ASSET_PATHS = "\"DesignPatternSwiftUI/Preview Content\"";
				DEVELOPMENT_TEAM = 348MZJ2SHN;
				ENABLE_PREVIEWS = YES;
				GENERATE_INFOPLIST_FILE = YES;
				INFOPLIST_KEY_UIApplicationSceneManifest_Generation = YES;
				INFOPLIST_KEY_UIApplicationSupportsIndirectInputEvents = YES;
				INFOPLIST_KEY_UILaunchScreen_Generation = YES;
				INFOPLIST_KEY_UISupportedInterfaceOrientations_iPad = "UIInterfaceOrientationPortrait UIInterfaceOrientationPortraitUpsideDown UIInterfaceOrientationLandscapeLeft UIInterfaceOrientationLandscapeRight";
				INFOPLIST_KEY_UISupportedInterfaceOrientations_iPhone = "UIInterfaceOrientationPortrait UIInterfaceOrientationLandscapeLeft UIInterfaceOrientationLandscapeRight";
				IPHONEOS_DEPLOYMENT_TARGET = 15.2;
				LD_RUNPATH_SEARCH_PATHS = (
					"$(inherited)",
					"@executable_path/Frameworks",
				);
				MARKETING_VERSION = 1.0;
				PRODUCT_BUNDLE_IDENTIFIER = es.osdev.DesignPatternSwiftUI;
				PRODUCT_NAME = "$(TARGET_NAME)";
				SWIFT_EMIT_LOC_STRINGS = YES;
				SWIFT_VERSION = 5.0;
				TARGETED_DEVICE_FAMILY = "1,2";
			};
			name = Debug;
		};
		DB52F823278F58BE0036C620 /* Release */ = {
			isa = XCBuildConfiguration;
			buildSettings = {
				ASSETCATALOG_COMPILER_APPICON_NAME = AppIcon;
				ASSETCATALOG_COMPILER_GLOBAL_ACCENT_COLOR_NAME = AccentColor;
				CODE_SIGN_STYLE = Automatic;
				CURRENT_PROJECT_VERSION = 1;
				DEVELOPMENT_ASSET_PATHS = "\"DesignPatternSwiftUI/Preview Content\"";
				DEVELOPMENT_TEAM = 348MZJ2SHN;
				ENABLE_PREVIEWS = YES;
				GENERATE_INFOPLIST_FILE = YES;
				INFOPLIST_KEY_UIApplicationSceneManifest_Generation = YES;
				INFOPLIST_KEY_UIApplicationSupportsIndirectInputEvents = YES;
				INFOPLIST_KEY_UILaunchScreen_Generation = YES;
				INFOPLIST_KEY_UISupportedInterfaceOrientations_iPad = "UIInterfaceOrientationPortrait UIInterfaceOrientationPortraitUpsideDown UIInterfaceOrientationLandscapeLeft UIInterfaceOrientationLandscapeRight";
				INFOPLIST_KEY_UISupportedInterfaceOrientations_iPhone = "UIInterfaceOrientationPortrait UIInterfaceOrientationLandscapeLeft UIInterfaceOrientationLandscapeRight";
				IPHONEOS_DEPLOYMENT_TARGET = 15.2;
				LD_RUNPATH_SEARCH_PATHS = (
					"$(inherited)",
					"@executable_path/Frameworks",
				);
				MARKETING_VERSION = 1.0;
				PRODUCT_BUNDLE_IDENTIFIER = es.osdev.DesignPatternSwiftUI;
				PRODUCT_NAME = "$(TARGET_NAME)";
				SWIFT_EMIT_LOC_STRINGS = YES;
				SWIFT_VERSION = 5.0;
				TARGETED_DEVICE_FAMILY = "1,2";
			};
			name = Release;
		};
/* End XCBuildConfiguration section */

/* Begin XCConfigurationList section */
		DB52F80E278F58BD0036C620 /* Build configuration list for PBXProject "DesignPatternSwiftUI" */ = {
			isa = XCConfigurationList;
			buildConfigurations = (
				DB52F81F278F58BE0036C620 /* Debug */,
				DB52F820278F58BE0036C620 /* Release */,
			);
			defaultConfigurationIsVisible = 0;
			defaultConfigurationName = Release;
		};
		DB52F821278F58BE0036C620 /* Build configuration list for PBXNativeTarget "DesignPatternSwiftUI" */ = {
			isa = XCConfigurationList;
			buildConfigurations = (
				DB52F822278F58BE0036C620 /* Debug */,
				DB52F823278F58BE0036C620 /* Release */,
			);
			defaultConfigurationIsVisible = 0;
			defaultConfigurationName = Release;
		};
/* End XCConfigurationList section */
	};
	rootObject = DB52F80B278F58BD0036C620 /* Project object */;
}
